
Microsoft Visual Studio Solution File, Format Version 12.00
# Visual Studio Version 17
VisualStudioVersion = 17.11.35219.272
MinimumVisualStudioVersion = 10.0.40219.1
Project("{FAE04EC0-301F-11D3-BF4B-00C04F79EFBC}") = "DoVanHuy_21103100502", "DoVanHuy_21103100502\DoVanHuy_21103100502.csproj", "{CA31C1B6-2C83-4116-9092-6ECE159424DE}"
EndProject
Global
	GlobalSection(SolutionConfigurationPlatforms) = preSolution
		Debug|Any CPU = Debug|Any CPU
		Release|Any CPU = Release|Any CPU
	EndGlobalSection
	GlobalSection(ProjectConfigurationPlatforms) = postSolution
		{CA31C1B6-2C83-4116-9092-6ECE159424DE}.Debug|Any CPU.ActiveCfg = Debug|Any CPU
		{CA31C1B6-2C83-4116-9092-6ECE159424DE}.Debug|Any CPU.Build.0 = Debug|Any CPU
		{CA31C1B6-2C83-4116-9092-6ECE159424DE}.Release|Any CPU.ActiveCfg = Release|Any CPU
		{CA31C1B6-2C83-4116-9092-6ECE159424DE}.Release|Any CPU.Build.0 = Release|Any CPU
	EndGlobalSection
	GlobalSection(SolutionProperties) = preSolution
		HideSolutionNode = FALSE
	EndGlobalSection
	GlobalSection(ExtensibilityGlobals) = postSolution
		SolutionGuid = {DD31D560-CB5A-43DB-9683-E31066454276}
	EndGlobalSection
EndGlobal
