
Microsoft Visual Studio Solution File, Format Version 12.00
# Visual Studio Version 17
VisualStudioVersion = 17.11.35219.272
MinimumVisualStudioVersion = 10.0.40219.1
Project("{FAE04EC0-301F-11D3-BF4B-00C04F79EFBC}") = "Lab3", "Lab3\Lab3.csproj", "{71FC85D7-659C-4C5D-B375-D7CB048DACC9}"
EndProject
Project("{FAE04EC0-301F-11D3-BF4B-00C04F79EFBC}") = "ArrayList1", "ArrayList1\ArrayList1.csproj", "{1C89C8A5-522E-4E56-916D-8ECFD55D8650}"
EndProject
Project("{9A19103F-16F7-4668-BE54-9A1E7A4F7556}") = "BTVN4", "BTVN4\BTVN4.csproj", "{0497DF1D-B550-45FC-98C5-EA742F6C7F7F}"
EndProject
Project("{9A19103F-16F7-4668-BE54-9A1E7A4F7556}") = "bai2list", "bai2list\bai2list.csproj", "{D31FAE15-D9B9-409E-AB98-1548F326F343}"
EndProject
Project("{FAE04EC0-301F-11D3-BF4B-00C04F79EFBC}") = "Bai1", "..\..\..\..\..\documents\Giáo trình\New Folder\.net\asp\BTVN_Lab3\Bai1\Bai1\Bai1.csproj", "{BA9BBBCF-AD84-4A43-9A72-9E2C0F23CC11}"
EndProject
Project("{FAE04EC0-301F-11D3-BF4B-00C04F79EFBC}") = "Bai2", "..\..\..\..\..\documents\Giáo trình\New Folder\.net\asp\BTVN_Lab3\Bai2\Bai2\Bai2.csproj", "{34CCE0FB-34D7-431B-B014-26618C61636C}"
EndProject
Project("{FAE04EC0-301F-11D3-BF4B-00C04F79EFBC}") = "Bai3", "..\..\..\..\..\documents\Giáo trình\New Folder\.net\asp\BTVN_Lab3\Bai3\Bai3\Bai3.csproj", "{F57F1039-D94C-4A4F-8DC6-64B10663E7CC}"
EndProject
Global
	GlobalSection(SolutionConfigurationPlatforms) = preSolution
		Debug|Any CPU = Debug|Any CPU
		Release|Any CPU = Release|Any CPU
	EndGlobalSection
	GlobalSection(ProjectConfigurationPlatforms) = postSolution
		{71FC85D7-659C-4C5D-B375-D7CB048DACC9}.Debug|Any CPU.ActiveCfg = Debug|Any CPU
		{71FC85D7-659C-4C5D-B375-D7CB048DACC9}.Debug|Any CPU.Build.0 = Debug|Any CPU
		{71FC85D7-659C-4C5D-B375-D7CB048DACC9}.Release|Any CPU.ActiveCfg = Release|Any CPU
		{71FC85D7-659C-4C5D-B375-D7CB048DACC9}.Release|Any CPU.Build.0 = Release|Any CPU
		{1C89C8A5-522E-4E56-916D-8ECFD55D8650}.Debug|Any CPU.ActiveCfg = Debug|Any CPU
		{1C89C8A5-522E-4E56-916D-8ECFD55D8650}.Debug|Any CPU.Build.0 = Debug|Any CPU
		{1C89C8A5-522E-4E56-916D-8ECFD55D8650}.Release|Any CPU.ActiveCfg = Release|Any CPU
		{1C89C8A5-522E-4E56-916D-8ECFD55D8650}.Release|Any CPU.Build.0 = Release|Any CPU
		{0497DF1D-B550-45FC-98C5-EA742F6C7F7F}.Debug|Any CPU.ActiveCfg = Debug|Any CPU
		{0497DF1D-B550-45FC-98C5-EA742F6C7F7F}.Debug|Any CPU.Build.0 = Debug|Any CPU
		{0497DF1D-B550-45FC-98C5-EA742F6C7F7F}.Release|Any CPU.ActiveCfg = Release|Any CPU
		{0497DF1D-B550-45FC-98C5-EA742F6C7F7F}.Release|Any CPU.Build.0 = Release|Any CPU
		{D31FAE15-D9B9-409E-AB98-1548F326F343}.Debug|Any CPU.ActiveCfg = Debug|Any CPU
		{D31FAE15-D9B9-409E-AB98-1548F326F343}.Debug|Any CPU.Build.0 = Debug|Any CPU
		{D31FAE15-D9B9-409E-AB98-1548F326F343}.Release|Any CPU.ActiveCfg = Release|Any CPU
		{D31FAE15-D9B9-409E-AB98-1548F326F343}.Release|Any CPU.Build.0 = Release|Any CPU
		{BA9BBBCF-AD84-4A43-9A72-9E2C0F23CC11}.Debug|Any CPU.ActiveCfg = Debug|Any CPU
		{BA9BBBCF-AD84-4A43-9A72-9E2C0F23CC11}.Debug|Any CPU.Build.0 = Debug|Any CPU
		{BA9BBBCF-AD84-4A43-9A72-9E2C0F23CC11}.Release|Any CPU.ActiveCfg = Release|Any CPU
		{BA9BBBCF-AD84-4A43-9A72-9E2C0F23CC11}.Release|Any CPU.Build.0 = Release|Any CPU
		{34CCE0FB-34D7-431B-B014-26618C61636C}.Debug|Any CPU.ActiveCfg = Debug|Any CPU
		{34CCE0FB-34D7-431B-B014-26618C61636C}.Debug|Any CPU.Build.0 = Debug|Any CPU
		{34CCE0FB-34D7-431B-B014-26618C61636C}.Release|Any CPU.ActiveCfg = Release|Any CPU
		{34CCE0FB-34D7-431B-B014-26618C61636C}.Release|Any CPU.Build.0 = Release|Any CPU
		{F57F1039-D94C-4A4F-8DC6-64B10663E7CC}.Debug|Any CPU.ActiveCfg = Debug|Any CPU
		{F57F1039-D94C-4A4F-8DC6-64B10663E7CC}.Debug|Any CPU.Build.0 = Debug|Any CPU
		{F57F1039-D94C-4A4F-8DC6-64B10663E7CC}.Release|Any CPU.ActiveCfg = Release|Any CPU
		{F57F1039-D94C-4A4F-8DC6-64B10663E7CC}.Release|Any CPU.Build.0 = Release|Any CPU
	EndGlobalSection
	GlobalSection(SolutionProperties) = preSolution
		HideSolutionNode = FALSE
	EndGlobalSection
	GlobalSection(ExtensibilityGlobals) = postSolution
		SolutionGuid = {DAD9DDAF-FCE9-4F7B-B0D3-040DB01CEE97}
	EndGlobalSection
EndGlobal
