
Microsoft Visual Studio Solution File, Format Version 12.00
# Visual Studio Version 17
VisualStudioVersion = 17.11.35219.272
MinimumVisualStudioVersion = 10.0.40219.1
Project("{FAE04EC0-301F-11D3-BF4B-00C04F79EFBC}") = "bt", "bt\bt.csproj", "{88C48694-6372-46EA-B753-3D9E39AF0A94}"
EndProject
Global
	GlobalSection(SolutionConfigurationPlatforms) = preSolution
		Debug|Any CPU = Debug|Any CPU
		Release|Any CPU = Release|Any CPU
	EndGlobalSection
	GlobalSection(ProjectConfigurationPlatforms) = postSolution
		{88C48694-6372-46EA-B753-3D9E39AF0A94}.Debug|Any CPU.ActiveCfg = Debug|Any CPU
		{88C48694-6372-46EA-B753-3D9E39AF0A94}.Debug|Any CPU.Build.0 = Debug|Any CPU
		{88C48694-6372-46EA-B753-3D9E39AF0A94}.Release|Any CPU.ActiveCfg = Release|Any CPU
		{88C48694-6372-46EA-B753-3D9E39AF0A94}.Release|Any CPU.Build.0 = Release|Any CPU
	EndGlobalSection
	GlobalSection(SolutionProperties) = preSolution
		HideSolutionNode = FALSE
	EndGlobalSection
	GlobalSection(ExtensibilityGlobals) = postSolution
		SolutionGuid = {83C1A880-89D9-4D93-846A-456BCFF0B0F9}
	EndGlobalSection
EndGlobal
